
Microsoft Visual Studio Solution File, Format Version 12.00
# Visual Studio Version 17
VisualStudioVersion = 17.2.32616.157
MinimumVisualStudioVersion = 10.0.40219.1
Project("{9A19103F-16F7-4668-BE54-9A1E7A4F7556}") = "Sparky", "Sparky\Sparky.csproj", "{9A09D8C5-DD41-4C6A-9F00-822618D514E5}"
EndProject
Project("{9A19103F-16F7-4668-BE54-9A1E7A4F7556}") = "SparkyMSTest", "SparkyMSTest\SparkyMSTest.csproj", "{8E210C17-48AD-4ABF-97D8-3F015C25C483}"
EndProject
Project("{9A19103F-16F7-4668-BE54-9A1E7A4F7556}") = "SparkyNUnitTest", "SparkyNUnitTest\SparkyNUnitTest.csproj", "{18102900-B8B9-47BD-B921-99E083E84BE1}"
EndProject
Project("{9A19103F-16F7-4668-BE54-9A1E7A4F7556}") = "SparkyXUnitTests", "SparkyXUnitTests\SparkyXUnitTests.csproj", "{A1690E40-B548-4CC4-8C74-48BC02D907C0}"
EndProject
Project("{2150E333-8FDC-42A3-9474-1A3956D46DE8}") = "BasicFoundation", "BasicFoundation", "{94109C84-83F7-4A13-8B51-E6918623F2CA}"
EndProject
Project("{2150E333-8FDC-42A3-9474-1A3956D46DE8}") = "BongoWeb", "BongoWeb", "{F976541D-6572-4BFB-8C4C-CCF745BE52C3}"
EndProject
Project("{9A19103F-16F7-4668-BE54-9A1E7A4F7556}") = "Bongo.Web", "Bongo_InitialSetup (.NET 6)\Bongo.Web\Bongo.Web.csproj", "{06B04134-AA8F-4F3A-B8F6-EAF40F4D5E36}"
EndProject
Project("{9A19103F-16F7-4668-BE54-9A1E7A4F7556}") = "Bongo.Models", "Bongo_InitialSetup (.NET 6)\Bongo.Models\Bongo.Models.csproj", "{4DA7F72E-25BB-493B-9339-C4AA3E5E2048}"
EndProject
Project("{9A19103F-16F7-4668-BE54-9A1E7A4F7556}") = "Bongo.DataAccess", "Bongo_InitialSetup (.NET 6)\Bongo.DataAccess\Bongo.DataAccess.csproj", "{553ADCD6-F866-494F-8568-913B969B8EFD}"
EndProject
Project("{9A19103F-16F7-4668-BE54-9A1E7A4F7556}") = "Bongo.Core", "Bongo_InitialSetup (.NET 6)\Bongo.Core\Bongo.Core.csproj", "{ACF419A4-7EAA-4A81-9DEA-FF2F164752F3}"
EndProject
Project("{FAE04EC0-301F-11D3-BF4B-00C04F79EFBC}") = "Bongo.Models.Tests", "Bongo.Models.Tests\Bongo.Models.Tests.csproj", "{9972DEB4-FA4A-419E-8101-3AD86C4D5AB0}"
EndProject
Global
	GlobalSection(SolutionConfigurationPlatforms) = preSolution
		Debug|Any CPU = Debug|Any CPU
		Release|Any CPU = Release|Any CPU
	EndGlobalSection
	GlobalSection(ProjectConfigurationPlatforms) = postSolution
		{9A09D8C5-DD41-4C6A-9F00-822618D514E5}.Debug|Any CPU.ActiveCfg = Debug|Any CPU
		{9A09D8C5-DD41-4C6A-9F00-822618D514E5}.Debug|Any CPU.Build.0 = Debug|Any CPU
		{9A09D8C5-DD41-4C6A-9F00-822618D514E5}.Release|Any CPU.ActiveCfg = Release|Any CPU
		{9A09D8C5-DD41-4C6A-9F00-822618D514E5}.Release|Any CPU.Build.0 = Release|Any CPU
		{8E210C17-48AD-4ABF-97D8-3F015C25C483}.Debug|Any CPU.ActiveCfg = Debug|Any CPU
		{8E210C17-48AD-4ABF-97D8-3F015C25C483}.Debug|Any CPU.Build.0 = Debug|Any CPU
		{8E210C17-48AD-4ABF-97D8-3F015C25C483}.Release|Any CPU.ActiveCfg = Release|Any CPU
		{8E210C17-48AD-4ABF-97D8-3F015C25C483}.Release|Any CPU.Build.0 = Release|Any CPU
		{18102900-B8B9-47BD-B921-99E083E84BE1}.Debug|Any CPU.ActiveCfg = Debug|Any CPU
		{18102900-B8B9-47BD-B921-99E083E84BE1}.Debug|Any CPU.Build.0 = Debug|Any CPU
		{18102900-B8B9-47BD-B921-99E083E84BE1}.Release|Any CPU.ActiveCfg = Release|Any CPU
		{18102900-B8B9-47BD-B921-99E083E84BE1}.Release|Any CPU.Build.0 = Release|Any CPU
		{A1690E40-B548-4CC4-8C74-48BC02D907C0}.Debug|Any CPU.ActiveCfg = Debug|Any CPU
		{A1690E40-B548-4CC4-8C74-48BC02D907C0}.Debug|Any CPU.Build.0 = Debug|Any CPU
		{A1690E40-B548-4CC4-8C74-48BC02D907C0}.Release|Any CPU.ActiveCfg = Release|Any CPU
		{A1690E40-B548-4CC4-8C74-48BC02D907C0}.Release|Any CPU.Build.0 = Release|Any CPU
		{06B04134-AA8F-4F3A-B8F6-EAF40F4D5E36}.Debug|Any CPU.ActiveCfg = Debug|Any CPU
		{06B04134-AA8F-4F3A-B8F6-EAF40F4D5E36}.Debug|Any CPU.Build.0 = Debug|Any CPU
		{06B04134-AA8F-4F3A-B8F6-EAF40F4D5E36}.Release|Any CPU.ActiveCfg = Release|Any CPU
		{06B04134-AA8F-4F3A-B8F6-EAF40F4D5E36}.Release|Any CPU.Build.0 = Release|Any CPU
		{4DA7F72E-25BB-493B-9339-C4AA3E5E2048}.Debug|Any CPU.ActiveCfg = Debug|Any CPU
		{4DA7F72E-25BB-493B-9339-C4AA3E5E2048}.Debug|Any CPU.Build.0 = Debug|Any CPU
		{4DA7F72E-25BB-493B-9339-C4AA3E5E2048}.Release|Any CPU.ActiveCfg = Release|Any CPU
		{4DA7F72E-25BB-493B-9339-C4AA3E5E2048}.Release|Any CPU.Build.0 = Release|Any CPU
		{553ADCD6-F866-494F-8568-913B969B8EFD}.Debug|Any CPU.ActiveCfg = Debug|Any CPU
		{553ADCD6-F866-494F-8568-913B969B8EFD}.Debug|Any CPU.Build.0 = Debug|Any CPU
		{553ADCD6-F866-494F-8568-913B969B8EFD}.Release|Any CPU.ActiveCfg = Release|Any CPU
		{553ADCD6-F866-494F-8568-913B969B8EFD}.Release|Any CPU.Build.0 = Release|Any CPU
		{ACF419A4-7EAA-4A81-9DEA-FF2F164752F3}.Debug|Any CPU.ActiveCfg = Debug|Any CPU
		{ACF419A4-7EAA-4A81-9DEA-FF2F164752F3}.Debug|Any CPU.Build.0 = Debug|Any CPU
		{ACF419A4-7EAA-4A81-9DEA-FF2F164752F3}.Release|Any CPU.ActiveCfg = Release|Any CPU
		{ACF419A4-7EAA-4A81-9DEA-FF2F164752F3}.Release|Any CPU.Build.0 = Release|Any CPU
		{9972DEB4-FA4A-419E-8101-3AD86C4D5AB0}.Debug|Any CPU.ActiveCfg = Debug|Any CPU
		{9972DEB4-FA4A-419E-8101-3AD86C4D5AB0}.Debug|Any CPU.Build.0 = Debug|Any CPU
		{9972DEB4-FA4A-419E-8101-3AD86C4D5AB0}.Release|Any CPU.ActiveCfg = Release|Any CPU
		{9972DEB4-FA4A-419E-8101-3AD86C4D5AB0}.Release|Any CPU.Build.0 = Release|Any CPU
	EndGlobalSection
	GlobalSection(SolutionProperties) = preSolution
		HideSolutionNode = FALSE
	EndGlobalSection
	GlobalSection(NestedProjects) = preSolution
		{9A09D8C5-DD41-4C6A-9F00-822618D514E5} = {94109C84-83F7-4A13-8B51-E6918623F2CA}
		{8E210C17-48AD-4ABF-97D8-3F015C25C483} = {94109C84-83F7-4A13-8B51-E6918623F2CA}
		{18102900-B8B9-47BD-B921-99E083E84BE1} = {94109C84-83F7-4A13-8B51-E6918623F2CA}
		{A1690E40-B548-4CC4-8C74-48BC02D907C0} = {94109C84-83F7-4A13-8B51-E6918623F2CA}
		{06B04134-AA8F-4F3A-B8F6-EAF40F4D5E36} = {F976541D-6572-4BFB-8C4C-CCF745BE52C3}
		{4DA7F72E-25BB-493B-9339-C4AA3E5E2048} = {F976541D-6572-4BFB-8C4C-CCF745BE52C3}
		{553ADCD6-F866-494F-8568-913B969B8EFD} = {F976541D-6572-4BFB-8C4C-CCF745BE52C3}
		{ACF419A4-7EAA-4A81-9DEA-FF2F164752F3} = {F976541D-6572-4BFB-8C4C-CCF745BE52C3}
		{9972DEB4-FA4A-419E-8101-3AD86C4D5AB0} = {F976541D-6572-4BFB-8C4C-CCF745BE52C3}
	EndGlobalSection
	GlobalSection(ExtensibilityGlobals) = postSolution
		SolutionGuid = {EB71AEB8-492A-4C61-A507-F320E96A39C9}
	EndGlobalSection
EndGlobal
